
Microsoft Visual Studio Solution File, Format Version 12.00
Project("{FAE04EC0-301F-11D3-BF4B-00C04F79EFBC}") = "PartyInvites2", "PartyInvites2\PartyInvites2.csproj", "{CEF62790-3B16-4DB2-BCBA-926C9CD65822}"
EndProject
Global
	GlobalSection(SolutionConfigurationPlatforms) = preSolution
		Debug|Any CPU = Debug|Any CPU
		Release|Any CPU = Release|Any CPU
	EndGlobalSection
	GlobalSection(ProjectConfigurationPlatforms) = postSolution
		{CEF62790-3B16-4DB2-BCBA-926C9CD65822}.Debug|Any CPU.ActiveCfg = Debug|Any CPU
		{CEF62790-3B16-4DB2-BCBA-926C9CD65822}.Debug|Any CPU.Build.0 = Debug|Any CPU
		{CEF62790-3B16-4DB2-BCBA-926C9CD65822}.Release|Any CPU.ActiveCfg = Release|Any CPU
		{CEF62790-3B16-4DB2-BCBA-926C9CD65822}.Release|Any CPU.Build.0 = Release|Any CPU
	EndGlobalSection
EndGlobal
